// !$*UTF8*$!
{
	archiveVersion = 1;
	classes = {
	};
	objectVersion = 51;
	objects = {

/* Begin PBXBuildFile section */
		6365EC1E450792DC0625FB56 /* Pods_AmefuruTests.framework in Frameworks */ = {isa = PBXBuildFile; fileRef = 60551AC7FBC8C1FFC2E7BF60 /* Pods_AmefuruTests.framework */; };
		935EDB7E32488FA98485A81F /* Pods_Amefuru_AmefuruUITests.framework in Frameworks */ = {isa = PBXBuildFile; fileRef = 3260703025E147BF4A376EA7 /* Pods_Amefuru_AmefuruUITests.framework */; };
		B0062CF424E94C0E0038457E /* SettingViewController.swift in Sources */ = {isa = PBXBuildFile; fileRef = B0062CF324E94C0E0038457E /* SettingViewController.swift */; };
		B00AC68B24E92735002473F6 /* AppDelegate.swift in Sources */ = {isa = PBXBuildFile; fileRef = B00AC68A24E92735002473F6 /* AppDelegate.swift */; };
		B00AC68D24E92735002473F6 /* SceneDelegate.swift in Sources */ = {isa = PBXBuildFile; fileRef = B00AC68C24E92735002473F6 /* SceneDelegate.swift */; };
		B00AC68F24E92735002473F6 /* ViewController.swift in Sources */ = {isa = PBXBuildFile; fileRef = B00AC68E24E92735002473F6 /* ViewController.swift */; };
		B00AC69224E92735002473F6 /* Main.storyboard in Resources */ = {isa = PBXBuildFile; fileRef = B00AC69024E92735002473F6 /* Main.storyboard */; };
		B00AC69424E9273A002473F6 /* Assets.xcassets in Resources */ = {isa = PBXBuildFile; fileRef = B00AC69324E9273A002473F6 /* Assets.xcassets */; };
		B00AC69724E9273A002473F6 /* LaunchScreen.storyboard in Resources */ = {isa = PBXBuildFile; fileRef = B00AC69524E9273A002473F6 /* LaunchScreen.storyboard */; };
		B00AC6A224E9273B002473F6 /* AmefuruTests.swift in Sources */ = {isa = PBXBuildFile; fileRef = B00AC6A124E9273B002473F6 /* AmefuruTests.swift */; };
		B00AC6AD24E9273B002473F6 /* AmefuruUITests.swift in Sources */ = {isa = PBXBuildFile; fileRef = B00AC6AC24E9273B002473F6 /* AmefuruUITests.swift */; };
		B06F308024EB69B800E5F751 /* WeatherData.swift in Sources */ = {isa = PBXBuildFile; fileRef = B06F307F24EB69B800E5F751 /* WeatherData.swift */; };
		B3B9B299AF7BBAD0437DD5F8 /* Pods_Amefuru.framework in Frameworks */ = {isa = PBXBuildFile; fileRef = A2054A627EF584885AA771D0 /* Pods_Amefuru.framework */; };
/* End PBXBuildFile section */

/* Begin PBXContainerItemProxy section */
		B00AC69E24E9273B002473F6 /* PBXContainerItemProxy */ = {
			isa = PBXContainerItemProxy;
			containerPortal = B00AC67F24E92735002473F6 /* Project object */;
			proxyType = 1;
			remoteGlobalIDString = B00AC68624E92735002473F6;
			remoteInfo = Amefuru;
		};
		B00AC6A924E9273B002473F6 /* PBXContainerItemProxy */ = {
			isa = PBXContainerItemProxy;
			containerPortal = B00AC67F24E92735002473F6 /* Project object */;
			proxyType = 1;
			remoteGlobalIDString = B00AC68624E92735002473F6;
			remoteInfo = Amefuru;
		};
/* End PBXContainerItemProxy section */

/* Begin PBXFileReference section */
		3260703025E147BF4A376EA7 /* Pods_Amefuru_AmefuruUITests.framework */ = {isa = PBXFileReference; explicitFileType = wrapper.framework; includeInIndex = 0; path = Pods_Amefuru_AmefuruUITests.framework; sourceTree = BUILT_PRODUCTS_DIR; };
		347723A0851D06710A044350 /* Pods-AmefuruTests.debug.xcconfig */ = {isa = PBXFileReference; includeInIndex = 1; lastKnownFileType = text.xcconfig; name = "Pods-AmefuruTests.debug.xcconfig"; path = "Target Support Files/Pods-AmefuruTests/Pods-AmefuruTests.debug.xcconfig"; sourceTree = "<group>"; };
		60551AC7FBC8C1FFC2E7BF60 /* Pods_AmefuruTests.framework */ = {isa = PBXFileReference; explicitFileType = wrapper.framework; includeInIndex = 0; path = Pods_AmefuruTests.framework; sourceTree = BUILT_PRODUCTS_DIR; };
		693EB78C9F7788D1B923E5A6 /* Pods-Amefuru.debug.xcconfig */ = {isa = PBXFileReference; includeInIndex = 1; lastKnownFileType = text.xcconfig; name = "Pods-Amefuru.debug.xcconfig"; path = "Target Support Files/Pods-Amefuru/Pods-Amefuru.debug.xcconfig"; sourceTree = "<group>"; };
		A2054A627EF584885AA771D0 /* Pods_Amefuru.framework */ = {isa = PBXFileReference; explicitFileType = wrapper.framework; includeInIndex = 0; path = Pods_Amefuru.framework; sourceTree = BUILT_PRODUCTS_DIR; };
		B0062CF324E94C0E0038457E /* SettingViewController.swift */ = {isa = PBXFileReference; lastKnownFileType = sourcecode.swift; path = SettingViewController.swift; sourceTree = "<group>"; };
		B0062CF524EA8E2F0038457E /* ja */ = {isa = PBXFileReference; lastKnownFileType = text.plist.strings; name = ja; path = ja.lproj/Main.strings; sourceTree = "<group>"; };
		B0062CF624EA8E2F0038457E /* ja */ = {isa = PBXFileReference; lastKnownFileType = text.plist.strings; name = ja; path = ja.lproj/LaunchScreen.strings; sourceTree = "<group>"; };
		B00AC68724E92735002473F6 /* 雨ふる？.app */ = {isa = PBXFileReference; explicitFileType = wrapper.application; includeInIndex = 0; path = "雨ふる？.app"; sourceTree = BUILT_PRODUCTS_DIR; };
		B00AC68A24E92735002473F6 /* AppDelegate.swift */ = {isa = PBXFileReference; lastKnownFileType = sourcecode.swift; path = AppDelegate.swift; sourceTree = "<group>"; };
		B00AC68C24E92735002473F6 /* SceneDelegate.swift */ = {isa = PBXFileReference; lastKnownFileType = sourcecode.swift; path = SceneDelegate.swift; sourceTree = "<group>"; };
		B00AC68E24E92735002473F6 /* ViewController.swift */ = {isa = PBXFileReference; lastKnownFileType = sourcecode.swift; path = ViewController.swift; sourceTree = "<group>"; };
		B00AC69124E92735002473F6 /* Base */ = {isa = PBXFileReference; lastKnownFileType = file.storyboard; name = Base; path = Base.lproj/Main.storyboard; sourceTree = "<group>"; };
		B00AC69324E9273A002473F6 /* Assets.xcassets */ = {isa = PBXFileReference; lastKnownFileType = folder.assetcatalog; path = Assets.xcassets; sourceTree = "<group>"; };
		B00AC69624E9273A002473F6 /* Base */ = {isa = PBXFileReference; lastKnownFileType = file.storyboard; name = Base; path = Base.lproj/LaunchScreen.storyboard; sourceTree = "<group>"; };
		B00AC69824E9273A002473F6 /* Info.plist */ = {isa = PBXFileReference; lastKnownFileType = text.plist.xml; path = Info.plist; sourceTree = "<group>"; };
		B00AC69D24E9273B002473F6 /* AmefuruTests.xctest */ = {isa = PBXFileReference; explicitFileType = wrapper.cfbundle; includeInIndex = 0; path = AmefuruTests.xctest; sourceTree = BUILT_PRODUCTS_DIR; };
		B00AC6A124E9273B002473F6 /* AmefuruTests.swift */ = {isa = PBXFileReference; lastKnownFileType = sourcecode.swift; path = AmefuruTests.swift; sourceTree = "<group>"; };
		B00AC6A324E9273B002473F6 /* Info.plist */ = {isa = PBXFileReference; lastKnownFileType = text.plist.xml; path = Info.plist; sourceTree = "<group>"; };
		B00AC6A824E9273B002473F6 /* AmefuruUITests.xctest */ = {isa = PBXFileReference; explicitFileType = wrapper.cfbundle; includeInIndex = 0; path = AmefuruUITests.xctest; sourceTree = BUILT_PRODUCTS_DIR; };
		B00AC6AC24E9273B002473F6 /* AmefuruUITests.swift */ = {isa = PBXFileReference; lastKnownFileType = sourcecode.swift; path = AmefuruUITests.swift; sourceTree = "<group>"; };
		B00AC6AE24E9273B002473F6 /* Info.plist */ = {isa = PBXFileReference; lastKnownFileType = text.plist.xml; path = Info.plist; sourceTree = "<group>"; };
		B06F307F24EB69B800E5F751 /* WeatherData.swift */ = {isa = PBXFileReference; lastKnownFileType = sourcecode.swift; path = WeatherData.swift; sourceTree = "<group>"; };
		BB168CC48657C8EB431A7211 /* Pods-Amefuru.release.xcconfig */ = {isa = PBXFileReference; includeInIndex = 1; lastKnownFileType = text.xcconfig; name = "Pods-Amefuru.release.xcconfig"; path = "Target Support Files/Pods-Amefuru/Pods-Amefuru.release.xcconfig"; sourceTree = "<group>"; };
		CA765E05AFAA02B611B795CC /* Pods-Amefuru-AmefuruUITests.release.xcconfig */ = {isa = PBXFileReference; includeInIndex = 1; lastKnownFileType = text.xcconfig; name = "Pods-Amefuru-AmefuruUITests.release.xcconfig"; path = "Target Support Files/Pods-Amefuru-AmefuruUITests/Pods-Amefuru-AmefuruUITests.release.xcconfig"; sourceTree = "<group>"; };
		E4E7E91B5E94BE4EBD818390 /* Pods-AmefuruTests.release.xcconfig */ = {isa = PBXFileReference; includeInIndex = 1; lastKnownFileType = text.xcconfig; name = "Pods-AmefuruTests.release.xcconfig"; path = "Target Support Files/Pods-AmefuruTests/Pods-AmefuruTests.release.xcconfig"; sourceTree = "<group>"; };
		E5E4582953C43DC7D60619CE /* Pods-Amefuru-AmefuruUITests.debug.xcconfig */ = {isa = PBXFileReference; includeInIndex = 1; lastKnownFileType = text.xcconfig; name = "Pods-Amefuru-AmefuruUITests.debug.xcconfig"; path = "Target Support Files/Pods-Amefuru-AmefuruUITests/Pods-Amefuru-AmefuruUITests.debug.xcconfig"; sourceTree = "<group>"; };
/* End PBXFileReference section */

/* Begin PBXFrameworksBuildPhase section */
		B00AC68424E92735002473F6 /* Frameworks */ = {
			isa = PBXFrameworksBuildPhase;
			buildActionMask = 2147483647;
			files = (
				B3B9B299AF7BBAD0437DD5F8 /* Pods_Amefuru.framework in Frameworks */,
			);
			runOnlyForDeploymentPostprocessing = 0;
		};
		B00AC69A24E9273B002473F6 /* Frameworks */ = {
			isa = PBXFrameworksBuildPhase;
			buildActionMask = 2147483647;
			files = (
				6365EC1E450792DC0625FB56 /* Pods_AmefuruTests.framework in Frameworks */,
			);
			runOnlyForDeploymentPostprocessing = 0;
		};
		B00AC6A524E9273B002473F6 /* Frameworks */ = {
			isa = PBXFrameworksBuildPhase;
			buildActionMask = 2147483647;
			files = (
				935EDB7E32488FA98485A81F /* Pods_Amefuru_AmefuruUITests.framework in Frameworks */,
			);
			runOnlyForDeploymentPostprocessing = 0;
		};
/* End PBXFrameworksBuildPhase section */

/* Begin PBXGroup section */
		3DDA235FF60C6C75C5302C09 /* Pods */ = {
			isa = PBXGroup;
			children = (
				693EB78C9F7788D1B923E5A6 /* Pods-Amefuru.debug.xcconfig */,
				BB168CC48657C8EB431A7211 /* Pods-Amefuru.release.xcconfig */,
				E5E4582953C43DC7D60619CE /* Pods-Amefuru-AmefuruUITests.debug.xcconfig */,
				CA765E05AFAA02B611B795CC /* Pods-Amefuru-AmefuruUITests.release.xcconfig */,
				347723A0851D06710A044350 /* Pods-AmefuruTests.debug.xcconfig */,
				E4E7E91B5E94BE4EBD818390 /* Pods-AmefuruTests.release.xcconfig */,
			);
			path = Pods;
			sourceTree = "<group>";
		};
		B00AC67E24E92735002473F6 = {
			isa = PBXGroup;
			children = (
				B00AC68924E92735002473F6 /* Amefuru */,
				B00AC6A024E9273B002473F6 /* AmefuruTests */,
				B00AC6AB24E9273B002473F6 /* AmefuruUITests */,
				B00AC68824E92735002473F6 /* Products */,
				3DDA235FF60C6C75C5302C09 /* Pods */,
				F32E7AE83DCADB9BD661CBD2 /* Frameworks */,
			);
			sourceTree = "<group>";
		};
		B00AC68824E92735002473F6 /* Products */ = {
			isa = PBXGroup;
			children = (
				B00AC68724E92735002473F6 /* 雨ふる？.app */,
				B00AC69D24E9273B002473F6 /* AmefuruTests.xctest */,
				B00AC6A824E9273B002473F6 /* AmefuruUITests.xctest */,
			);
			name = Products;
			sourceTree = "<group>";
		};
		B00AC68924E92735002473F6 /* Amefuru */ = {
			isa = PBXGroup;
			children = (
				B06F307E24EB699700E5F751 /* Model */,
				B00AC68A24E92735002473F6 /* AppDelegate.swift */,
				B00AC68C24E92735002473F6 /* SceneDelegate.swift */,
				B00AC68E24E92735002473F6 /* ViewController.swift */,
				B0062CF324E94C0E0038457E /* SettingViewController.swift */,
				B00AC69024E92735002473F6 /* Main.storyboard */,
				B00AC69324E9273A002473F6 /* Assets.xcassets */,
				B00AC69524E9273A002473F6 /* LaunchScreen.storyboard */,
				B00AC69824E9273A002473F6 /* Info.plist */,
			);
			path = Amefuru;
			sourceTree = "<group>";
		};
		B00AC6A024E9273B002473F6 /* AmefuruTests */ = {
			isa = PBXGroup;
			children = (
				B00AC6A124E9273B002473F6 /* AmefuruTests.swift */,
				B00AC6A324E9273B002473F6 /* Info.plist */,
			);
			path = AmefuruTests;
			sourceTree = "<group>";
		};
		B00AC6AB24E9273B002473F6 /* AmefuruUITests */ = {
			isa = PBXGroup;
			children = (
				B00AC6AC24E9273B002473F6 /* AmefuruUITests.swift */,
				B00AC6AE24E9273B002473F6 /* Info.plist */,
			);
			path = AmefuruUITests;
			sourceTree = "<group>";
		};
		B06F307E24EB699700E5F751 /* Model */ = {
			isa = PBXGroup;
			children = (
				B06F307F24EB69B800E5F751 /* WeatherData.swift */,
			);
			path = Model;
			sourceTree = "<group>";
		};
		F32E7AE83DCADB9BD661CBD2 /* Frameworks */ = {
			isa = PBXGroup;
			children = (
				A2054A627EF584885AA771D0 /* Pods_Amefuru.framework */,
				3260703025E147BF4A376EA7 /* Pods_Amefuru_AmefuruUITests.framework */,
				60551AC7FBC8C1FFC2E7BF60 /* Pods_AmefuruTests.framework */,
			);
			name = Frameworks;
			sourceTree = "<group>";
		};
/* End PBXGroup section */

/* Begin PBXNativeTarget section */
		B00AC68624E92735002473F6 /* Amefuru */ = {
			isa = PBXNativeTarget;
			buildConfigurationList = B00AC6B124E9273B002473F6 /* Build configuration list for PBXNativeTarget "Amefuru" */;
			buildPhases = (
				1498598821176DEA1B7E9CF6 /* [CP] Check Pods Manifest.lock */,
				B00AC68324E92735002473F6 /* Sources */,
				B00AC68424E92735002473F6 /* Frameworks */,
				B00AC68524E92735002473F6 /* Resources */,
				9B649CAFEBF00C3B1B750E6E /* [CP] Embed Pods Frameworks */,
			);
			buildRules = (
			);
			dependencies = (
			);
			name = Amefuru;
			productName = Amefuru;
			productReference = B00AC68724E92735002473F6 /* 雨ふる？.app */;
			productType = "com.apple.product-type.application";
		};
		B00AC69C24E9273B002473F6 /* AmefuruTests */ = {
			isa = PBXNativeTarget;
			buildConfigurationList = B00AC6B424E9273B002473F6 /* Build configuration list for PBXNativeTarget "AmefuruTests" */;
			buildPhases = (
				146392C5904577E14E950AB0 /* [CP] Check Pods Manifest.lock */,
				B00AC69924E9273B002473F6 /* Sources */,
				B00AC69A24E9273B002473F6 /* Frameworks */,
				B00AC69B24E9273B002473F6 /* Resources */,
			);
			buildRules = (
			);
			dependencies = (
				B00AC69F24E9273B002473F6 /* PBXTargetDependency */,
			);
			name = AmefuruTests;
			productName = AmefuruTests;
			productReference = B00AC69D24E9273B002473F6 /* AmefuruTests.xctest */;
			productType = "com.apple.product-type.bundle.unit-test";
		};
		B00AC6A724E9273B002473F6 /* AmefuruUITests */ = {
			isa = PBXNativeTarget;
			buildConfigurationList = B00AC6B724E9273B002473F6 /* Build configuration list for PBXNativeTarget "AmefuruUITests" */;
			buildPhases = (
				AB97769F403247F128F0D487 /* [CP] Check Pods Manifest.lock */,
				B00AC6A424E9273B002473F6 /* Sources */,
				B00AC6A524E9273B002473F6 /* Frameworks */,
				B00AC6A624E9273B002473F6 /* Resources */,
				5483960C774331F52440706F /* [CP] Embed Pods Frameworks */,
			);
			buildRules = (
			);
			dependencies = (
				B00AC6AA24E9273B002473F6 /* PBXTargetDependency */,
			);
			name = AmefuruUITests;
			productName = AmefuruUITests;
			productReference = B00AC6A824E9273B002473F6 /* AmefuruUITests.xctest */;
			productType = "com.apple.product-type.bundle.ui-testing";
		};
/* End PBXNativeTarget section */

/* Begin PBXProject section */
		B00AC67F24E92735002473F6 /* Project object */ = {
			isa = PBXProject;
			attributes = {
				LastSwiftUpdateCheck = 1140;
				LastUpgradeCheck = 1140;
				ORGANIZATIONNAME = "中道直基";
				TargetAttributes = {
					B00AC68624E92735002473F6 = {
						CreatedOnToolsVersion = 11.4.1;
					};
					B00AC69C24E9273B002473F6 = {
						CreatedOnToolsVersion = 11.4.1;
						TestTargetID = B00AC68624E92735002473F6;
					};
					B00AC6A724E9273B002473F6 = {
						CreatedOnToolsVersion = 11.4.1;
						TestTargetID = B00AC68624E92735002473F6;
					};
				};
			};
			buildConfigurationList = B00AC68224E92735002473F6 /* Build configuration list for PBXProject "Amefuru" */;
			compatibilityVersion = "Xcode 9.3";
			developmentRegion = ja;
			hasScannedForEncodings = 0;
			knownRegions = (
				ja,
				Base,
			);
			mainGroup = B00AC67E24E92735002473F6;
			productRefGroup = B00AC68824E92735002473F6 /* Products */;
			projectDirPath = "";
			projectRoot = "";
			targets = (
				B00AC68624E92735002473F6 /* Amefuru */,
				B00AC69C24E9273B002473F6 /* AmefuruTests */,
				B00AC6A724E9273B002473F6 /* AmefuruUITests */,
			);
		};
/* End PBXProject section */

/* Begin PBXResourcesBuildPhase section */
		B00AC68524E92735002473F6 /* Resources */ = {
			isa = PBXResourcesBuildPhase;
			buildActionMask = 2147483647;
			files = (
				B00AC69724E9273A002473F6 /* LaunchScreen.storyboard in Resources */,
				B00AC69424E9273A002473F6 /* Assets.xcassets in Resources */,
				B00AC69224E92735002473F6 /* Main.storyboard in Resources */,
			);
			runOnlyForDeploymentPostprocessing = 0;
		};
		B00AC69B24E9273B002473F6 /* Resources */ = {
			isa = PBXResourcesBuildPhase;
			buildActionMask = 2147483647;
			files = (
			);
			runOnlyForDeploymentPostprocessing = 0;
		};
		B00AC6A624E9273B002473F6 /* Resources */ = {
			isa = PBXResourcesBuildPhase;
			buildActionMask = 2147483647;
			files = (
			);
			runOnlyForDeploymentPostprocessing = 0;
		};
/* End PBXResourcesBuildPhase section */

/* Begin PBXShellScriptBuildPhase section */
		146392C5904577E14E950AB0 /* [CP] Check Pods Manifest.lock */ = {
			isa = PBXShellScriptBuildPhase;
			buildActionMask = 2147483647;
			files = (
			);
			inputFileListPaths = (
			);
			inputPaths = (
				"${PODS_PODFILE_DIR_PATH}/Podfile.lock",
				"${PODS_ROOT}/Manifest.lock",
			);
			name = "[CP] Check Pods Manifest.lock";
			outputFileListPaths = (
			);
			outputPaths = (
				"$(DERIVED_FILE_DIR)/Pods-AmefuruTests-checkManifestLockResult.txt",
			);
			runOnlyForDeploymentPostprocessing = 0;
			shellPath = /bin/sh;
			shellScript = "diff \"${PODS_PODFILE_DIR_PATH}/Podfile.lock\" \"${PODS_ROOT}/Manifest.lock\" > /dev/null\nif [ $? != 0 ] ; then\n    # print error to STDERR\n    echo \"error: The sandbox is not in sync with the Podfile.lock. Run 'pod install' or update your CocoaPods installation.\" >&2\n    exit 1\nfi\n# This output is used by Xcode 'outputs' to avoid re-running this script phase.\necho \"SUCCESS\" > \"${SCRIPT_OUTPUT_FILE_0}\"\n";
			showEnvVarsInLog = 0;
		};
		1498598821176DEA1B7E9CF6 /* [CP] Check Pods Manifest.lock */ = {
			isa = PBXShellScriptBuildPhase;
			buildActionMask = 2147483647;
			files = (
			);
			inputFileListPaths = (
			);
			inputPaths = (
				"${PODS_PODFILE_DIR_PATH}/Podfile.lock",
				"${PODS_ROOT}/Manifest.lock",
			);
			name = "[CP] Check Pods Manifest.lock";
			outputFileListPaths = (
			);
			outputPaths = (
				"$(DERIVED_FILE_DIR)/Pods-Amefuru-checkManifestLockResult.txt",
			);
			runOnlyForDeploymentPostprocessing = 0;
			shellPath = /bin/sh;
			shellScript = "diff \"${PODS_PODFILE_DIR_PATH}/Podfile.lock\" \"${PODS_ROOT}/Manifest.lock\" > /dev/null\nif [ $? != 0 ] ; then\n    # print error to STDERR\n    echo \"error: The sandbox is not in sync with the Podfile.lock. Run 'pod install' or update your CocoaPods installation.\" >&2\n    exit 1\nfi\n# This output is used by Xcode 'outputs' to avoid re-running this script phase.\necho \"SUCCESS\" > \"${SCRIPT_OUTPUT_FILE_0}\"\n";
			showEnvVarsInLog = 0;
		};
		5483960C774331F52440706F /* [CP] Embed Pods Frameworks */ = {
			isa = PBXShellScriptBuildPhase;
			buildActionMask = 2147483647;
			files = (
			);
			inputFileListPaths = (
				"${PODS_ROOT}/Target Support Files/Pods-Amefuru-AmefuruUITests/Pods-Amefuru-AmefuruUITests-frameworks-${CONFIGURATION}-input-files.xcfilelist",
			);
			name = "[CP] Embed Pods Frameworks";
			outputFileListPaths = (
				"${PODS_ROOT}/Target Support Files/Pods-Amefuru-AmefuruUITests/Pods-Amefuru-AmefuruUITests-frameworks-${CONFIGURATION}-output-files.xcfilelist",
			);
			runOnlyForDeploymentPostprocessing = 0;
			shellPath = /bin/sh;
			shellScript = "\"${PODS_ROOT}/Target Support Files/Pods-Amefuru-AmefuruUITests/Pods-Amefuru-AmefuruUITests-frameworks.sh\"\n";
			showEnvVarsInLog = 0;
		};
		9B649CAFEBF00C3B1B750E6E /* [CP] Embed Pods Frameworks */ = {
			isa = PBXShellScriptBuildPhase;
			buildActionMask = 2147483647;
			files = (
			);
			inputFileListPaths = (
				"${PODS_ROOT}/Target Support Files/Pods-Amefuru/Pods-Amefuru-frameworks-${CONFIGURATION}-input-files.xcfilelist",
			);
			name = "[CP] Embed Pods Frameworks";
			outputFileListPaths = (
				"${PODS_ROOT}/Target Support Files/Pods-Amefuru/Pods-Amefuru-frameworks-${CONFIGURATION}-output-files.xcfilelist",
			);
			runOnlyForDeploymentPostprocessing = 0;
			shellPath = /bin/sh;
			shellScript = "\"${PODS_ROOT}/Target Support Files/Pods-Amefuru/Pods-Amefuru-frameworks.sh\"\n";
			showEnvVarsInLog = 0;
		};
		AB97769F403247F128F0D487 /* [CP] Check Pods Manifest.lock */ = {
			isa = PBXShellScriptBuildPhase;
			buildActionMask = 2147483647;
			files = (
			);
			inputFileListPaths = (
			);
			inputPaths = (
				"${PODS_PODFILE_DIR_PATH}/Podfile.lock",
				"${PODS_ROOT}/Manifest.lock",
			);
			name = "[CP] Check Pods Manifest.lock";
			outputFileListPaths = (
			);
			outputPaths = (
				"$(DERIVED_FILE_DIR)/Pods-Amefuru-AmefuruUITests-checkManifestLockResult.txt",
			);
			runOnlyForDeploymentPostprocessing = 0;
			shellPath = /bin/sh;
			shellScript = "diff \"${PODS_PODFILE_DIR_PATH}/Podfile.lock\" \"${PODS_ROOT}/Manifest.lock\" > /dev/null\nif [ $? != 0 ] ; then\n    # print error to STDERR\n    echo \"error: The sandbox is not in sync with the Podfile.lock. Run 'pod install' or update your CocoaPods installation.\" >&2\n    exit 1\nfi\n# This output is used by Xcode 'outputs' to avoid re-running this script phase.\necho \"SUCCESS\" > \"${SCRIPT_OUTPUT_FILE_0}\"\n";
			showEnvVarsInLog = 0;
		};
/* End PBXShellScriptBuildPhase section */

/* Begin PBXSourcesBuildPhase section */
		B00AC68324E92735002473F6 /* Sources */ = {
			isa = PBXSourcesBuildPhase;
			buildActionMask = 2147483647;
			files = (
				B00AC68F24E92735002473F6 /* ViewController.swift in Sources */,
				B06F308024EB69B800E5F751 /* WeatherData.swift in Sources */,
				B00AC68B24E92735002473F6 /* AppDelegate.swift in Sources */,
				B00AC68D24E92735002473F6 /* SceneDelegate.swift in Sources */,
				B0062CF424E94C0E0038457E /* SettingViewController.swift in Sources */,
			);
			runOnlyForDeploymentPostprocessing = 0;
		};
		B00AC69924E9273B002473F6 /* Sources */ = {
			isa = PBXSourcesBuildPhase;
			buildActionMask = 2147483647;
			files = (
				B00AC6A224E9273B002473F6 /* AmefuruTests.swift in Sources */,
			);
			runOnlyForDeploymentPostprocessing = 0;
		};
		B00AC6A424E9273B002473F6 /* Sources */ = {
			isa = PBXSourcesBuildPhase;
			buildActionMask = 2147483647;
			files = (
				B00AC6AD24E9273B002473F6 /* AmefuruUITests.swift in Sources */,
			);
			runOnlyForDeploymentPostprocessing = 0;
		};
/* End PBXSourcesBuildPhase section */

/* Begin PBXTargetDependency section */
		B00AC69F24E9273B002473F6 /* PBXTargetDependency */ = {
			isa = PBXTargetDependency;
			target = B00AC68624E92735002473F6 /* Amefuru */;
			targetProxy = B00AC69E24E9273B002473F6 /* PBXContainerItemProxy */;
		};
		B00AC6AA24E9273B002473F6 /* PBXTargetDependency */ = {
			isa = PBXTargetDependency;
			target = B00AC68624E92735002473F6 /* Amefuru */;
			targetProxy = B00AC6A924E9273B002473F6 /* PBXContainerItemProxy */;
		};
/* End PBXTargetDependency section */

/* Begin PBXVariantGroup section */
		B00AC69024E92735002473F6 /* Main.storyboard */ = {
			isa = PBXVariantGroup;
			children = (
				B00AC69124E92735002473F6 /* Base */,
				B0062CF524EA8E2F0038457E /* ja */,
			);
			name = Main.storyboard;
			sourceTree = "<group>";
		};
		B00AC69524E9273A002473F6 /* LaunchScreen.storyboard */ = {
			isa = PBXVariantGroup;
			children = (
				B00AC69624E9273A002473F6 /* Base */,
				B0062CF624EA8E2F0038457E /* ja */,
			);
			name = LaunchScreen.storyboard;
			sourceTree = "<group>";
		};
/* End PBXVariantGroup section */

/* Begin XCBuildConfiguration section */
		B00AC6AF24E9273B002473F6 /* Debug */ = {
			isa = XCBuildConfiguration;
			buildSettings = {
				ALWAYS_SEARCH_USER_PATHS = NO;
				CLANG_ANALYZER_LOCALIZABILITY_NONLOCALIZED = YES;
				CLANG_ANALYZER_NONNULL = YES;
				CLANG_ANALYZER_NUMBER_OBJECT_CONVERSION = YES_AGGRESSIVE;
				CLANG_CXX_LANGUAGE_STANDARD = "gnu++14";
				CLANG_CXX_LIBRARY = "libc++";
				CLANG_ENABLE_MODULES = YES;
				CLANG_ENABLE_OBJC_ARC = YES;
				CLANG_ENABLE_OBJC_WEAK = YES;
				CLANG_WARN_BLOCK_CAPTURE_AUTORELEASING = YES;
				CLANG_WARN_BOOL_CONVERSION = YES;
				CLANG_WARN_COMMA = YES;
				CLANG_WARN_CONSTANT_CONVERSION = YES;
				CLANG_WARN_DEPRECATED_OBJC_IMPLEMENTATIONS = YES;
				CLANG_WARN_DIRECT_OBJC_ISA_USAGE = YES_ERROR;
				CLANG_WARN_DOCUMENTATION_COMMENTS = YES;
				CLANG_WARN_EMPTY_BODY = YES;
				CLANG_WARN_ENUM_CONVERSION = YES;
				CLANG_WARN_INFINITE_RECURSION = YES;
				CLANG_WARN_INT_CONVERSION = YES;
				CLANG_WARN_NON_LITERAL_NULL_CONVERSION = YES;
				CLANG_WARN_OBJC_IMPLICIT_RETAIN_SELF = YES;
				CLANG_WARN_OBJC_LITERAL_CONVERSION = YES;
				CLANG_WARN_OBJC_ROOT_CLASS = YES_ERROR;
				CLANG_WARN_RANGE_LOOP_ANALYSIS = YES;
				CLANG_WARN_STRICT_PROTOTYPES = YES;
				CLANG_WARN_SUSPICIOUS_MOVE = YES;
				CLANG_WARN_UNGUARDED_AVAILABILITY = YES_AGGRESSIVE;
				CLANG_WARN_UNREACHABLE_CODE = YES;
				CLANG_WARN__DUPLICATE_METHOD_MATCH = YES;
				COPY_PHASE_STRIP = NO;
				DEBUG_INFORMATION_FORMAT = dwarf;
				ENABLE_STRICT_OBJC_MSGSEND = YES;
				ENABLE_TESTABILITY = YES;
				GCC_C_LANGUAGE_STANDARD = gnu11;
				GCC_DYNAMIC_NO_PIC = NO;
				GCC_NO_COMMON_BLOCKS = YES;
				GCC_OPTIMIZATION_LEVEL = 0;
				GCC_PREPROCESSOR_DEFINITIONS = (
					"DEBUG=1",
					"$(inherited)",
				);
				GCC_WARN_64_TO_32_BIT_CONVERSION = YES;
				GCC_WARN_ABOUT_RETURN_TYPE = YES_ERROR;
				GCC_WARN_UNDECLARED_SELECTOR = YES;
				GCC_WARN_UNINITIALIZED_AUTOS = YES_AGGRESSIVE;
				GCC_WARN_UNUSED_FUNCTION = YES;
				GCC_WARN_UNUSED_VARIABLE = YES;
				IPHONEOS_DEPLOYMENT_TARGET = 13.4;
				MTL_ENABLE_DEBUG_INFO = INCLUDE_SOURCE;
				MTL_FAST_MATH = YES;
				ONLY_ACTIVE_ARCH = YES;
				SDKROOT = iphoneos;
				SWIFT_ACTIVE_COMPILATION_CONDITIONS = DEBUG;
				SWIFT_OPTIMIZATION_LEVEL = "-Onone";
			};
			name = Debug;
		};
		B00AC6B024E9273B002473F6 /* Release */ = {
			isa = XCBuildConfiguration;
			buildSettings = {
				ALWAYS_SEARCH_USER_PATHS = NO;
				CLANG_ANALYZER_LOCALIZABILITY_NONLOCALIZED = YES;
				CLANG_ANALYZER_NONNULL = YES;
				CLANG_ANALYZER_NUMBER_OBJECT_CONVERSION = YES_AGGRESSIVE;
				CLANG_CXX_LANGUAGE_STANDARD = "gnu++14";
				CLANG_CXX_LIBRARY = "libc++";
				CLANG_ENABLE_MODULES = YES;
				CLANG_ENABLE_OBJC_ARC = YES;
				CLANG_ENABLE_OBJC_WEAK = YES;
				CLANG_WARN_BLOCK_CAPTURE_AUTORELEASING = YES;
				CLANG_WARN_BOOL_CONVERSION = YES;
				CLANG_WARN_COMMA = YES;
				CLANG_WARN_CONSTANT_CONVERSION = YES;
				CLANG_WARN_DEPRECATED_OBJC_IMPLEMENTATIONS = YES;
				CLANG_WARN_DIRECT_OBJC_ISA_USAGE = YES_ERROR;
				CLANG_WARN_DOCUMENTATION_COMMENTS = YES;
				CLANG_WARN_EMPTY_BODY = YES;
				CLANG_WARN_ENUM_CONVERSION = YES;
				CLANG_WARN_INFINITE_RECURSION = YES;
				CLANG_WARN_INT_CONVERSION = YES;
				CLANG_WARN_NON_LITERAL_NULL_CONVERSION = YES;
				CLANG_WARN_OBJC_IMPLICIT_RETAIN_SELF = YES;
				CLANG_WARN_OBJC_LITERAL_CONVERSION = YES;
				CLANG_WARN_OBJC_ROOT_CLASS = YES_ERROR;
				CLANG_WARN_RANGE_LOOP_ANALYSIS = YES;
				CLANG_WARN_STRICT_PROTOTYPES = YES;
				CLANG_WARN_SUSPICIOUS_MOVE = YES;
				CLANG_WARN_UNGUARDED_AVAILABILITY = YES_AGGRESSIVE;
				CLANG_WARN_UNREACHABLE_CODE = YES;
				CLANG_WARN__DUPLICATE_METHOD_MATCH = YES;
				COPY_PHASE_STRIP = NO;
				DEBUG_INFORMATION_FORMAT = "dwarf-with-dsym";
				ENABLE_NS_ASSERTIONS = NO;
				ENABLE_STRICT_OBJC_MSGSEND = YES;
				GCC_C_LANGUAGE_STANDARD = gnu11;
				GCC_NO_COMMON_BLOCKS = YES;
				GCC_WARN_64_TO_32_BIT_CONVERSION = YES;
				GCC_WARN_ABOUT_RETURN_TYPE = YES_ERROR;
				GCC_WARN_UNDECLARED_SELECTOR = YES;
				GCC_WARN_UNINITIALIZED_AUTOS = YES_AGGRESSIVE;
				GCC_WARN_UNUSED_FUNCTION = YES;
				GCC_WARN_UNUSED_VARIABLE = YES;
				IPHONEOS_DEPLOYMENT_TARGET = 13.4;
				MTL_ENABLE_DEBUG_INFO = NO;
				MTL_FAST_MATH = YES;
				SDKROOT = iphoneos;
				SWIFT_COMPILATION_MODE = wholemodule;
				SWIFT_OPTIMIZATION_LEVEL = "-O";
				VALIDATE_PRODUCT = YES;
			};
			name = Release;
		};
		B00AC6B224E9273B002473F6 /* Debug */ = {
			isa = XCBuildConfiguration;
			baseConfigurationReference = 693EB78C9F7788D1B923E5A6 /* Pods-Amefuru.debug.xcconfig */;
			buildSettings = {
				ASSETCATALOG_COMPILER_APPICON_NAME = AppIcon;
				CODE_SIGN_STYLE = Automatic;
				DEVELOPMENT_TEAM = 5JT48A7375;
				INFOPLIST_FILE = Amefuru/Info.plist;
				IPHONEOS_DEPLOYMENT_TARGET = 13.4;
				LD_RUNPATH_SEARCH_PATHS = (
					"$(inherited)",
					"@executable_path/Frameworks",
				);
				PRODUCT_BUNDLE_IDENTIFIER = com.naokichi.Amefuru;
				PRODUCT_NAME = "雨ふる？";
				SWIFT_VERSION = 5.0;
				TARGETED_DEVICE_FAMILY = 1;
			};
			name = Debug;
		};
		B00AC6B324E9273B002473F6 /* Release */ = {
			isa = XCBuildConfiguration;
			baseConfigurationReference = BB168CC48657C8EB431A7211 /* Pods-Amefuru.release.xcconfig */;
			buildSettings = {
				ASSETCATALOG_COMPILER_APPICON_NAME = AppIcon;
				CODE_SIGN_STYLE = Automatic;
				DEVELOPMENT_TEAM = 5JT48A7375;
				INFOPLIST_FILE = Amefuru/Info.plist;
				IPHONEOS_DEPLOYMENT_TARGET = 13.4;
				LD_RUNPATH_SEARCH_PATHS = (
					"$(inherited)",
					"@executable_path/Frameworks",
				);
				PRODUCT_BUNDLE_IDENTIFIER = com.naokichi.Amefuru;
				PRODUCT_NAME = "雨ふる？";
				SWIFT_VERSION = 5.0;
				TARGETED_DEVICE_FAMILY = 1;
			};
			name = Release;
		};
		B00AC6B524E9273B002473F6 /* Debug */ = {
			isa = XCBuildConfiguration;
			baseConfigurationReference = 347723A0851D06710A044350 /* Pods-AmefuruTests.debug.xcconfig */;
			buildSettings = {
				ALWAYS_EMBED_SWIFT_STANDARD_LIBRARIES = YES;
				BUNDLE_LOADER = "$(TEST_HOST)";
				CODE_SIGN_STYLE = Automatic;
				INFOPLIST_FILE = AmefuruTests/Info.plist;
				IPHONEOS_DEPLOYMENT_TARGET = 13.4;
				LD_RUNPATH_SEARCH_PATHS = (
					"$(inherited)",
					"@executable_path/Frameworks",
					"@loader_path/Frameworks",
				);
				PRODUCT_BUNDLE_IDENTIFIER = com.naokichi.AmefuruTests;
				PRODUCT_NAME = "$(TARGET_NAME)";
				SWIFT_VERSION = 5.0;
				TARGETED_DEVICE_FAMILY = "1,2";
				TEST_HOST = "$(BUILT_PRODUCTS_DIR)/Amefuru.app/Amefuru";
			};
			name = Debug;
		};
		B00AC6B624E9273B002473F6 /* Release */ = {
			isa = XCBuildConfiguration;
			baseConfigurationReference = E4E7E91B5E94BE4EBD818390 /* Pods-AmefuruTests.release.xcconfig */;
			buildSettings = {
				ALWAYS_EMBED_SWIFT_STANDARD_LIBRARIES = YES;
				BUNDLE_LOADER = "$(TEST_HOST)";
				CODE_SIGN_STYLE = Automatic;
				INFOPLIST_FILE = AmefuruTests/Info.plist;
				IPHONEOS_DEPLOYMENT_TARGET = 13.4;
				LD_RUNPATH_SEARCH_PATHS = (
					"$(inherited)",
					"@executable_path/Frameworks",
					"@loader_path/Frameworks",
				);
				PRODUCT_BUNDLE_IDENTIFIER = com.naokichi.AmefuruTests;
				PRODUCT_NAME = "$(TARGET_NAME)";
				SWIFT_VERSION = 5.0;
				TARGETED_DEVICE_FAMILY = "1,2";
				TEST_HOST = "$(BUILT_PRODUCTS_DIR)/Amefuru.app/Amefuru";
			};
			name = Release;
		};
		B00AC6B824E9273B002473F6 /* Debug */ = {
			isa = XCBuildConfiguration;
			baseConfigurationReference = E5E4582953C43DC7D60619CE /* Pods-Amefuru-AmefuruUITests.debug.xcconfig */;
			buildSettings = {
				ALWAYS_EMBED_SWIFT_STANDARD_LIBRARIES = YES;
				CODE_SIGN_STYLE = Automatic;
				INFOPLIST_FILE = AmefuruUITests/Info.plist;
				LD_RUNPATH_SEARCH_PATHS = (
					"$(inherited)",
					"@executable_path/Frameworks",
					"@loader_path/Frameworks",
				);
				PRODUCT_BUNDLE_IDENTIFIER = com.naokichi.AmefuruUITests;
				PRODUCT_NAME = "$(TARGET_NAME)";
				SWIFT_VERSION = 5.0;
				TARGETED_DEVICE_FAMILY = "1,2";
				TEST_TARGET_NAME = Amefuru;
			};
			name = Debug;
		};
		B00AC6B924E9273B002473F6 /* Release */ = {
			isa = XCBuildConfiguration;
			baseConfigurationReference = CA765E05AFAA02B611B795CC /* Pods-Amefuru-AmefuruUITests.release.xcconfig */;
			buildSettings = {
				ALWAYS_EMBED_SWIFT_STANDARD_LIBRARIES = YES;
				CODE_SIGN_STYLE = Automatic;
				INFOPLIST_FILE = AmefuruUITests/Info.plist;
				LD_RUNPATH_SEARCH_PATHS = (
					"$(inherited)",
					"@executable_path/Frameworks",
					"@loader_path/Frameworks",
				);
				PRODUCT_BUNDLE_IDENTIFIER = com.naokichi.AmefuruUITests;
				PRODUCT_NAME = "$(TARGET_NAME)";
				SWIFT_VERSION = 5.0;
				TARGETED_DEVICE_FAMILY = "1,2";
				TEST_TARGET_NAME = Amefuru;
			};
			name = Release;
		};
/* End XCBuildConfiguration section */

/* Begin XCConfigurationList section */
		B00AC68224E92735002473F6 /* Build configuration list for PBXProject "Amefuru" */ = {
			isa = XCConfigurationList;
			buildConfigurations = (
				B00AC6AF24E9273B002473F6 /* Debug */,
				B00AC6B024E9273B002473F6 /* Release */,
			);
			defaultConfigurationIsVisible = 0;
			defaultConfigurationName = Release;
		};
		B00AC6B124E9273B002473F6 /* Build configuration list for PBXNativeTarget "Amefuru" */ = {
			isa = XCConfigurationList;
			buildConfigurations = (
				B00AC6B224E9273B002473F6 /* Debug */,
				B00AC6B324E9273B002473F6 /* Release */,
			);
			defaultConfigurationIsVisible = 0;
			defaultConfigurationName = Release;
		};
		B00AC6B424E9273B002473F6 /* Build configuration list for PBXNativeTarget "AmefuruTests" */ = {
			isa = XCConfigurationList;
			buildConfigurations = (
				B00AC6B524E9273B002473F6 /* Debug */,
				B00AC6B624E9273B002473F6 /* Release */,
			);
			defaultConfigurationIsVisible = 0;
			defaultConfigurationName = Release;
		};
		B00AC6B724E9273B002473F6 /* Build configuration list for PBXNativeTarget "AmefuruUITests" */ = {
			isa = XCConfigurationList;
			buildConfigurations = (
				B00AC6B824E9273B002473F6 /* Debug */,
				B00AC6B924E9273B002473F6 /* Release */,
			);
			defaultConfigurationIsVisible = 0;
			defaultConfigurationName = Release;
		};
/* End XCConfigurationList section */
	};
	rootObject = B00AC67F24E92735002473F6 /* Project object */;
}
